
Microsoft Visual Studio Solution File, Format Version 12.00
# Visual Studio Version 16
VisualStudioVersion = 16.0.31105.61
MinimumVisualStudioVersion = 10.0.40219.1
Project("{9A19103F-16F7-4668-BE54-9A1E7A4F7556}") = "MetricsManager", "MetricsManager\MetricsManager.csproj", "{60119BEC-296D-4FEF-8CE3-275D61AD9CD1}"
EndProject
Project("{FAE04EC0-301F-11D3-BF4B-00C04F79EFBC}") = "Enums", "Enums\Enums.csproj", "{39131DC0-75C1-4353-AA4B-86922129ABAE}"
EndProject
Project("{FAE04EC0-301F-11D3-BF4B-00C04F79EFBC}") = "MetricsManagerTests", "MetricsManagerTests\MetricsManagerTests.csproj", "{B6AE7AA9-5776-4AD3-8C8A-EC0005792F19}"
EndProject
Project("{FAE04EC0-301F-11D3-BF4B-00C04F79EFBC}") = "MetricsAgent", "MetricsAgent\MetricsAgent.csproj", "{2D3ED5FC-3FD8-4BE0-A85D-730188FFAD4F}"
EndProject
Project("{FAE04EC0-301F-11D3-BF4B-00C04F79EFBC}") = "MetricsAgentTests", "MetricsAgentTests\MetricsAgentTests.csproj", "{EEF509DB-AC25-47AE-AA5B-0F37EE63299B}"
EndProject
Global
	GlobalSection(SolutionConfigurationPlatforms) = preSolution
		Debug|Any CPU = Debug|Any CPU
		Release|Any CPU = Release|Any CPU
	EndGlobalSection
	GlobalSection(ProjectConfigurationPlatforms) = postSolution
		{60119BEC-296D-4FEF-8CE3-275D61AD9CD1}.Debug|Any CPU.ActiveCfg = Debug|Any CPU
		{60119BEC-296D-4FEF-8CE3-275D61AD9CD1}.Debug|Any CPU.Build.0 = Debug|Any CPU
		{60119BEC-296D-4FEF-8CE3-275D61AD9CD1}.Release|Any CPU.ActiveCfg = Release|Any CPU
		{60119BEC-296D-4FEF-8CE3-275D61AD9CD1}.Release|Any CPU.Build.0 = Release|Any CPU
		{39131DC0-75C1-4353-AA4B-86922129ABAE}.Debug|Any CPU.ActiveCfg = Debug|Any CPU
		{39131DC0-75C1-4353-AA4B-86922129ABAE}.Debug|Any CPU.Build.0 = Debug|Any CPU
		{39131DC0-75C1-4353-AA4B-86922129ABAE}.Release|Any CPU.ActiveCfg = Release|Any CPU
		{39131DC0-75C1-4353-AA4B-86922129ABAE}.Release|Any CPU.Build.0 = Release|Any CPU
		{B6AE7AA9-5776-4AD3-8C8A-EC0005792F19}.Debug|Any CPU.ActiveCfg = Debug|Any CPU
		{B6AE7AA9-5776-4AD3-8C8A-EC0005792F19}.Debug|Any CPU.Build.0 = Debug|Any CPU
		{B6AE7AA9-5776-4AD3-8C8A-EC0005792F19}.Release|Any CPU.ActiveCfg = Release|Any CPU
		{B6AE7AA9-5776-4AD3-8C8A-EC0005792F19}.Release|Any CPU.Build.0 = Release|Any CPU
		{2D3ED5FC-3FD8-4BE0-A85D-730188FFAD4F}.Debug|Any CPU.ActiveCfg = Debug|Any CPU
		{2D3ED5FC-3FD8-4BE0-A85D-730188FFAD4F}.Debug|Any CPU.Build.0 = Debug|Any CPU
		{2D3ED5FC-3FD8-4BE0-A85D-730188FFAD4F}.Release|Any CPU.ActiveCfg = Release|Any CPU
		{2D3ED5FC-3FD8-4BE0-A85D-730188FFAD4F}.Release|Any CPU.Build.0 = Release|Any CPU
		{EEF509DB-AC25-47AE-AA5B-0F37EE63299B}.Debug|Any CPU.ActiveCfg = Debug|Any CPU
		{EEF509DB-AC25-47AE-AA5B-0F37EE63299B}.Debug|Any CPU.Build.0 = Debug|Any CPU
		{EEF509DB-AC25-47AE-AA5B-0F37EE63299B}.Release|Any CPU.ActiveCfg = Release|Any CPU
		{EEF509DB-AC25-47AE-AA5B-0F37EE63299B}.Release|Any CPU.Build.0 = Release|Any CPU
	EndGlobalSection
	GlobalSection(SolutionProperties) = preSolution
		HideSolutionNode = FALSE
	EndGlobalSection
	GlobalSection(ExtensibilityGlobals) = postSolution
		SolutionGuid = {78180313-BD41-48BA-92E1-2733AA6150F0}
	EndGlobalSection
EndGlobal
